
Microsoft Visual Studio Solution File, Format Version 12.00
# Visual Studio Version 16
VisualStudioVersion = 16.0.30907.101
MinimumVisualStudioVersion = 10.0.40219.1
Project("{FAE04EC0-301F-11D3-BF4B-00C04F79EFBC}") = "ConsoleApp3", "ConsoleApp3\ConsoleApp3.csproj", "{A694C977-FA29-44EA-B60A-4FF76BA2B645}"
EndProject
Global
	GlobalSection(SolutionConfigurationPlatforms) = preSolution
		Debug|Any CPU = Debug|Any CPU
		Release|Any CPU = Release|Any CPU
	EndGlobalSection
	GlobalSection(ProjectConfigurationPlatforms) = postSolution
		{A694C977-FA29-44EA-B60A-4FF76BA2B645}.Debug|Any CPU.ActiveCfg = Debug|Any CPU
		{A694C977-FA29-44EA-B60A-4FF76BA2B645}.Debug|Any CPU.Build.0 = Debug|Any CPU
		{A694C977-FA29-44EA-B60A-4FF76BA2B645}.Release|Any CPU.ActiveCfg = Release|Any CPU
		{A694C977-FA29-44EA-B60A-4FF76BA2B645}.Release|Any CPU.Build.0 = Release|Any CPU
	EndGlobalSection
	GlobalSection(SolutionProperties) = preSolution
		HideSolutionNode = FALSE
	EndGlobalSection
	GlobalSection(ExtensibilityGlobals) = postSolution
		SolutionGuid = {506FCCB2-6596-4A62-82A4-C6BEE18D0209}
	EndGlobalSection
EndGlobal
